
Microsoft Visual Studio Solution File, Format Version 12.00
# Visual Studio 14
VisualStudioVersion = 14.0.24720.0
MinimumVisualStudioVersion = 10.0.40219.1
Project("{FAE04EC0-301F-11D3-BF4B-00C04F79EFBC}") = "OS.Web", "OS.Web\OS.Web.csproj", "{765AB47E-7DE9-437D-B97B-373868ECD0F0}"
EndProject
Project("{FAE04EC0-301F-11D3-BF4B-00C04F79EFBC}") = "OS.DAL.EF", "OS.DAL.EF\OS.DAL.EF.csproj", "{2F563658-F7B6-45C1-8A4C-E52BFA45015B}"
EndProject
Project("{FAE04EC0-301F-11D3-BF4B-00C04F79EFBC}") = "OS.Business.Domain", "OS.Business.Domain\OS.Business.Domain.csproj", "{B2660F88-C0FB-4655-A8A9-4BF6616C5ADC}"
EndProject
Project("{FAE04EC0-301F-11D3-BF4B-00C04F79EFBC}") = "OS.DAL.Abstract", "OS.DAL.Abstract\OS.DAL.Abstract.csproj", "{7CDF2ABB-F7D6-4EA9-90D9-E09EEDF536A1}"
EndProject
Project("{FAE04EC0-301F-11D3-BF4B-00C04F79EFBC}") = "OS.Business.Logic", "OS.Business.Logic\OS.Business.Logic.csproj", "{134E9999-4850-4F45-A283-FEF73E1529F4}"
EndProject
Project("{FAE04EC0-301F-11D3-BF4B-00C04F79EFBC}") = "OS.Dependency", "OS.Dependency\OS.Dependency.csproj", "{2D41701E-F0B7-49C0-83DF-3ED824F7E8FA}"
EndProject
Project("{FAE04EC0-301F-11D3-BF4B-00C04F79EFBC}") = "OS.Configuration", "OS.Configuration\OS.Configuration.csproj", "{F994D907-63E4-4A01-AAD1-C3E7807E6F51}"
EndProject
Project("{2150E333-8FDC-42A3-9474-1A3956D46DE8}") = "Tools", "Tools", "{93842B83-B84C-4015-9C28-DD9B454D52B6}"
	ProjectSection(SolutionItems) = preProject
		..\Tools\_prepare-unit-tests_dbupdatesapplier.bat = ..\Tools\_prepare-unit-tests_dbupdatesapplier.bat
		..\Tools\_setup_unit_tests.bat = ..\Tools\_setup_unit_tests.bat
		..\Tools\apply_migrations.bat = ..\Tools\apply_migrations.bat
		..\Tools\prepare_ci_env.bat = ..\Tools\prepare_ci_env.bat
		..\Tools\prepare_dev_env.bat = ..\Tools\prepare_dev_env.bat
		..\Tools\recreate_db.bat = ..\Tools\recreate_db.bat
		..\Tools\setup_site.bat = ..\Tools\setup_site.bat
	EndProjectSection
EndProject
Project("{2150E333-8FDC-42A3-9474-1A3956D46DE8}") = "DbUpdatesApplier", "DbUpdatesApplier", "{60113D1B-2569-4FC3-A000-742A654EEC10}"
	ProjectSection(SolutionItems) = preProject
		..\Tools\DbUpdatesApplier\AGrynco.Lib.dll = ..\Tools\DbUpdatesApplier\AGrynco.Lib.dll
		..\Tools\DbUpdatesApplier\AGrynco.Lib.pdb = ..\Tools\DbUpdatesApplier\AGrynco.Lib.pdb
		..\Tools\DbUpdatesApplier\CI_Tests_DbUpdateApplier.Console.exe = ..\Tools\DbUpdatesApplier\CI_Tests_DbUpdateApplier.Console.exe
		..\Tools\DbUpdatesApplier\CI_Tests_DbUpdateApplier.Console.exe.config = ..\Tools\DbUpdatesApplier\CI_Tests_DbUpdateApplier.Console.exe.config
		..\Tools\DbUpdatesApplier\DbUpdateApplier.Console.exe = ..\Tools\DbUpdatesApplier\DbUpdateApplier.Console.exe
		..\Tools\DbUpdatesApplier\DbUpdateApplier.Console.exe.config = ..\Tools\DbUpdatesApplier\DbUpdateApplier.Console.exe.config
		..\Tools\DbUpdatesApplier\DbUpdateApplier.Console.pdb = ..\Tools\DbUpdatesApplier\DbUpdateApplier.Console.pdb
		..\Tools\DbUpdatesApplier\DbVersioning.dll = ..\Tools\DbUpdatesApplier\DbVersioning.dll
		..\Tools\DbUpdatesApplier\DbVersioning.pdb = ..\Tools\DbUpdatesApplier\DbVersioning.pdb
		..\Tools\DbUpdatesApplier\frezaopt.com.ua_DbUpdateApplier.exe = ..\Tools\DbUpdatesApplier\frezaopt.com.ua_DbUpdateApplier.exe
		..\Tools\DbUpdatesApplier\frezaopt.com.ua_DbUpdateApplier.exe.config = ..\Tools\DbUpdatesApplier\frezaopt.com.ua_DbUpdateApplier.exe.config
		..\Tools\DbUpdatesApplier\GeneralChecks-DbUpdateApplier.Console.exe = ..\Tools\DbUpdatesApplier\GeneralChecks-DbUpdateApplier.Console.exe
		..\Tools\DbUpdatesApplier\GeneralChecks-DbUpdateApplier.Console.exe.config = ..\Tools\DbUpdatesApplier\GeneralChecks-DbUpdateApplier.Console.exe.config
		..\Tools\DbUpdatesApplier\qa.frezaopt.com.ua_DbUpdateApplier.exe = ..\Tools\DbUpdatesApplier\qa.frezaopt.com.ua_DbUpdateApplier.exe
		..\Tools\DbUpdatesApplier\qa.frezaopt.com.ua_DbUpdateApplier.exe.config = ..\Tools\DbUpdatesApplier\qa.frezaopt.com.ua_DbUpdateApplier.exe.config
		..\Tools\DbUpdatesApplier\Tests_DbUpdateApplier.Console.exe = ..\Tools\DbUpdatesApplier\Tests_DbUpdateApplier.Console.exe
		..\Tools\DbUpdatesApplier\Tests_DbUpdateApplier.Console.exe.config = ..\Tools\DbUpdatesApplier\Tests_DbUpdateApplier.Console.exe.config
	EndProjectSection
EndProject
Project("{2150E333-8FDC-42A3-9474-1A3956D46DE8}") = "DeploymentTools", "DeploymentTools", "{00F50C2E-2DB5-4E61-AFD8-411824DA2F8E}"
	ProjectSection(SolutionItems) = preProject
		..\Tools\DeploymentTools\appcmd.bat = ..\Tools\DeploymentTools\appcmd.bat
		..\Tools\DeploymentTools\clean_dir.bat = ..\Tools\DeploymentTools\clean_dir.bat
		..\Tools\DeploymentTools\dos_wrap.bat = ..\Tools\DeploymentTools\dos_wrap.bat
		..\Tools\DeploymentTools\RemCom.exe = ..\Tools\DeploymentTools\RemCom.exe
		..\Tools\DeploymentTools\str_contain.bat = ..\Tools\DeploymentTools\str_contain.bat
	EndProjectSection
EndProject
Project("{FAE04EC0-301F-11D3-BF4B-00C04F79EFBC}") = "OS.Common", "OS.Common\OS.Common.csproj", "{F7DE2B54-B47C-423B-8035-F8D3205917AA}"
EndProject
Project("{FAE04EC0-301F-11D3-BF4B-00C04F79EFBC}") = "OS.Common.Tests", "OS.Common.Tests\OS.Common.Tests.csproj", "{BCC4BDC9-2FF7-466E-9EEE-E3541B8B3DE1}"
EndProject
Project("{2150E333-8FDC-42A3-9474-1A3956D46DE8}") = "Configuration", "Configuration", "{60A381A2-8DED-431B-924E-EB6A38B2A213}"
EndProject
Project("{2150E333-8FDC-42A3-9474-1A3956D46DE8}") = "Sources", "Sources", "{C74110F1-9385-4E26-A490-D999CD81E9FF}"
EndProject
Project("{FAE04EC0-301F-11D3-BF4B-00C04F79EFBC}") = "OS.Business.Logic.Tests", "OS.Business.Logic.Tests\OS.Business.Logic.Tests.csproj", "{7B197038-72AA-4FB0-9DA5-186DCF118721}"
EndProject
Project("{2150E333-8FDC-42A3-9474-1A3956D46DE8}") = "online-store.grynco.com.ua", "online-store.grynco.com.ua", "{CC5A58FA-5252-4294-9491-4618BBD425EB}"
	ProjectSection(SolutionItems) = preProject
		..\Configuration\online-store.grynco.com.ua\appSettings.config = ..\Configuration\online-store.grynco.com.ua\appSettings.config
		..\Configuration\online-store.grynco.com.ua\connectionStrings.config = ..\Configuration\online-store.grynco.com.ua\connectionStrings.config
	EndProjectSection
EndProject
Project("{FAE04EC0-301F-11D3-BF4B-00C04F79EFBC}") = "OS.Repositories.Tests", "OS.Repositories.Tests\OS.Repositories.Tests.csproj", "{2769A653-2C66-46E0-B1F2-9CF7799056A5}"
EndProject
Project("{FAE04EC0-301F-11D3-BF4B-00C04F79EFBC}") = "OS.Web.Tests", "OS.Web.Tests\OS.Web.Tests.csproj", "{78FD6BCF-B56F-4DC1-A55E-51956BB34F47}"
EndProject
Project("{2150E333-8FDC-42A3-9474-1A3956D46DE8}") = "Solution Items", "Solution Items", "{A0A6D004-F007-4896-8656-3C3BC29072F6}"
	ProjectSection(SolutionItems) = preProject
		WE-Markdown.css = WE-Markdown.css
	EndProjectSection
EndProject
Project("{2150E333-8FDC-42A3-9474-1A3956D46DE8}") = "qa.frezaopt.com.ua", "qa.frezaopt.com.ua", "{F8C7607E-6E94-4FD3-8A8F-58F5350E114C}"
	ProjectSection(SolutionItems) = preProject
		..\Configuration\qa.frezaopt.com.ua\appSettings.config = ..\Configuration\qa.frezaopt.com.ua\appSettings.config
		..\Configuration\qa.frezaopt.com.ua\connectionStrings.config = ..\Configuration\qa.frezaopt.com.ua\connectionStrings.config
	EndProjectSection
EndProject
Global
	GlobalSection(SolutionConfigurationPlatforms) = preSolution
		Debug|Any CPU = Debug|Any CPU
		Release|Any CPU = Release|Any CPU
	EndGlobalSection
	GlobalSection(ProjectConfigurationPlatforms) = postSolution
		{765AB47E-7DE9-437D-B97B-373868ECD0F0}.Debug|Any CPU.ActiveCfg = Debug|Any CPU
		{765AB47E-7DE9-437D-B97B-373868ECD0F0}.Debug|Any CPU.Build.0 = Debug|Any CPU
		{765AB47E-7DE9-437D-B97B-373868ECD0F0}.Release|Any CPU.ActiveCfg = Release|Any CPU
		{765AB47E-7DE9-437D-B97B-373868ECD0F0}.Release|Any CPU.Build.0 = Release|Any CPU
		{2F563658-F7B6-45C1-8A4C-E52BFA45015B}.Debug|Any CPU.ActiveCfg = Debug|Any CPU
		{2F563658-F7B6-45C1-8A4C-E52BFA45015B}.Debug|Any CPU.Build.0 = Debug|Any CPU
		{2F563658-F7B6-45C1-8A4C-E52BFA45015B}.Release|Any CPU.ActiveCfg = Release|Any CPU
		{2F563658-F7B6-45C1-8A4C-E52BFA45015B}.Release|Any CPU.Build.0 = Release|Any CPU
		{B2660F88-C0FB-4655-A8A9-4BF6616C5ADC}.Debug|Any CPU.ActiveCfg = Debug|Any CPU
		{B2660F88-C0FB-4655-A8A9-4BF6616C5ADC}.Debug|Any CPU.Build.0 = Debug|Any CPU
		{B2660F88-C0FB-4655-A8A9-4BF6616C5ADC}.Release|Any CPU.ActiveCfg = Release|Any CPU
		{B2660F88-C0FB-4655-A8A9-4BF6616C5ADC}.Release|Any CPU.Build.0 = Release|Any CPU
		{7CDF2ABB-F7D6-4EA9-90D9-E09EEDF536A1}.Debug|Any CPU.ActiveCfg = Debug|Any CPU
		{7CDF2ABB-F7D6-4EA9-90D9-E09EEDF536A1}.Debug|Any CPU.Build.0 = Debug|Any CPU
		{7CDF2ABB-F7D6-4EA9-90D9-E09EEDF536A1}.Release|Any CPU.ActiveCfg = Release|Any CPU
		{7CDF2ABB-F7D6-4EA9-90D9-E09EEDF536A1}.Release|Any CPU.Build.0 = Release|Any CPU
		{134E9999-4850-4F45-A283-FEF73E1529F4}.Debug|Any CPU.ActiveCfg = Debug|Any CPU
		{134E9999-4850-4F45-A283-FEF73E1529F4}.Debug|Any CPU.Build.0 = Debug|Any CPU
		{134E9999-4850-4F45-A283-FEF73E1529F4}.Release|Any CPU.ActiveCfg = Release|Any CPU
		{134E9999-4850-4F45-A283-FEF73E1529F4}.Release|Any CPU.Build.0 = Release|Any CPU
		{2D41701E-F0B7-49C0-83DF-3ED824F7E8FA}.Debug|Any CPU.ActiveCfg = Debug|Any CPU
		{2D41701E-F0B7-49C0-83DF-3ED824F7E8FA}.Debug|Any CPU.Build.0 = Debug|Any CPU
		{2D41701E-F0B7-49C0-83DF-3ED824F7E8FA}.Release|Any CPU.ActiveCfg = Release|Any CPU
		{2D41701E-F0B7-49C0-83DF-3ED824F7E8FA}.Release|Any CPU.Build.0 = Release|Any CPU
		{F994D907-63E4-4A01-AAD1-C3E7807E6F51}.Debug|Any CPU.ActiveCfg = Debug|Any CPU
		{F994D907-63E4-4A01-AAD1-C3E7807E6F51}.Debug|Any CPU.Build.0 = Debug|Any CPU
		{F994D907-63E4-4A01-AAD1-C3E7807E6F51}.Release|Any CPU.ActiveCfg = Release|Any CPU
		{F994D907-63E4-4A01-AAD1-C3E7807E6F51}.Release|Any CPU.Build.0 = Release|Any CPU
		{F7DE2B54-B47C-423B-8035-F8D3205917AA}.Debug|Any CPU.ActiveCfg = Debug|Any CPU
		{F7DE2B54-B47C-423B-8035-F8D3205917AA}.Debug|Any CPU.Build.0 = Debug|Any CPU
		{F7DE2B54-B47C-423B-8035-F8D3205917AA}.Release|Any CPU.ActiveCfg = Release|Any CPU
		{F7DE2B54-B47C-423B-8035-F8D3205917AA}.Release|Any CPU.Build.0 = Release|Any CPU
		{BCC4BDC9-2FF7-466E-9EEE-E3541B8B3DE1}.Debug|Any CPU.ActiveCfg = Debug|Any CPU
		{BCC4BDC9-2FF7-466E-9EEE-E3541B8B3DE1}.Debug|Any CPU.Build.0 = Debug|Any CPU
		{BCC4BDC9-2FF7-466E-9EEE-E3541B8B3DE1}.Release|Any CPU.ActiveCfg = Release|Any CPU
		{BCC4BDC9-2FF7-466E-9EEE-E3541B8B3DE1}.Release|Any CPU.Build.0 = Release|Any CPU
		{7B197038-72AA-4FB0-9DA5-186DCF118721}.Debug|Any CPU.ActiveCfg = Debug|Any CPU
		{7B197038-72AA-4FB0-9DA5-186DCF118721}.Debug|Any CPU.Build.0 = Debug|Any CPU
		{7B197038-72AA-4FB0-9DA5-186DCF118721}.Release|Any CPU.ActiveCfg = Release|Any CPU
		{7B197038-72AA-4FB0-9DA5-186DCF118721}.Release|Any CPU.Build.0 = Release|Any CPU
		{2769A653-2C66-46E0-B1F2-9CF7799056A5}.Debug|Any CPU.ActiveCfg = Debug|Any CPU
		{2769A653-2C66-46E0-B1F2-9CF7799056A5}.Debug|Any CPU.Build.0 = Debug|Any CPU
		{2769A653-2C66-46E0-B1F2-9CF7799056A5}.Release|Any CPU.ActiveCfg = Release|Any CPU
		{2769A653-2C66-46E0-B1F2-9CF7799056A5}.Release|Any CPU.Build.0 = Release|Any CPU
		{78FD6BCF-B56F-4DC1-A55E-51956BB34F47}.Debug|Any CPU.ActiveCfg = Debug|Any CPU
		{78FD6BCF-B56F-4DC1-A55E-51956BB34F47}.Debug|Any CPU.Build.0 = Debug|Any CPU
		{78FD6BCF-B56F-4DC1-A55E-51956BB34F47}.Release|Any CPU.ActiveCfg = Release|Any CPU
		{78FD6BCF-B56F-4DC1-A55E-51956BB34F47}.Release|Any CPU.Build.0 = Release|Any CPU
	EndGlobalSection
	GlobalSection(SolutionProperties) = preSolution
		HideSolutionNode = FALSE
	EndGlobalSection
	GlobalSection(NestedProjects) = preSolution
		{765AB47E-7DE9-437D-B97B-373868ECD0F0} = {C74110F1-9385-4E26-A490-D999CD81E9FF}
		{2F563658-F7B6-45C1-8A4C-E52BFA45015B} = {C74110F1-9385-4E26-A490-D999CD81E9FF}
		{B2660F88-C0FB-4655-A8A9-4BF6616C5ADC} = {C74110F1-9385-4E26-A490-D999CD81E9FF}
		{7CDF2ABB-F7D6-4EA9-90D9-E09EEDF536A1} = {C74110F1-9385-4E26-A490-D999CD81E9FF}
		{134E9999-4850-4F45-A283-FEF73E1529F4} = {C74110F1-9385-4E26-A490-D999CD81E9FF}
		{2D41701E-F0B7-49C0-83DF-3ED824F7E8FA} = {C74110F1-9385-4E26-A490-D999CD81E9FF}
		{F994D907-63E4-4A01-AAD1-C3E7807E6F51} = {C74110F1-9385-4E26-A490-D999CD81E9FF}
		{60113D1B-2569-4FC3-A000-742A654EEC10} = {93842B83-B84C-4015-9C28-DD9B454D52B6}
		{00F50C2E-2DB5-4E61-AFD8-411824DA2F8E} = {93842B83-B84C-4015-9C28-DD9B454D52B6}
		{F7DE2B54-B47C-423B-8035-F8D3205917AA} = {C74110F1-9385-4E26-A490-D999CD81E9FF}
		{BCC4BDC9-2FF7-466E-9EEE-E3541B8B3DE1} = {C74110F1-9385-4E26-A490-D999CD81E9FF}
		{7B197038-72AA-4FB0-9DA5-186DCF118721} = {C74110F1-9385-4E26-A490-D999CD81E9FF}
		{CC5A58FA-5252-4294-9491-4618BBD425EB} = {60A381A2-8DED-431B-924E-EB6A38B2A213}
		{2769A653-2C66-46E0-B1F2-9CF7799056A5} = {C74110F1-9385-4E26-A490-D999CD81E9FF}
		{78FD6BCF-B56F-4DC1-A55E-51956BB34F47} = {C74110F1-9385-4E26-A490-D999CD81E9FF}
		{F8C7607E-6E94-4FD3-8A8F-58F5350E114C} = {60A381A2-8DED-431B-924E-EB6A38B2A213}
	EndGlobalSection
EndGlobal
